
Microsoft Visual Studio Solution File, Format Version 12.00
# Visual Studio Version 17
VisualStudioVersion = 17.8.34525.116
MinimumVisualStudioVersion = 10.0.40219.1
Project("{2150E333-8FDC-42A3-9474-1A3956D46DE8}") = "src", "src", "{CADB18A3-F330-4A08-81FC-5B128A7F6143}"
EndProject
Project("{2150E333-8FDC-42A3-9474-1A3956D46DE8}") = "Test", "Test", "{335803EB-6D9C-426E-A25F-30A803731577}"
EndProject
Project("{2150E333-8FDC-42A3-9474-1A3956D46DE8}") = "01-Domain", "01-Domain", "{F49AE32F-6274-4AA9-9793-B97FBE2CF91B}"
EndProject
Project("{2150E333-8FDC-42A3-9474-1A3956D46DE8}") = "02-Infrastructures", "02-Infrastructures", "{0E1A21D7-E62D-4767-A078-4A9E829BCC41}"
EndProject
Project("{2150E333-8FDC-42A3-9474-1A3956D46DE8}") = "03-EndPoints", "03-EndPoints", "{3B4AEB2C-ACB8-40AA-85AB-6E0FEB5E6311}"
EndProject
Project("{2150E333-8FDC-42A3-9474-1A3956D46DE8}") = "Core", "Core", "{C8D0ADBB-ED4E-45A7-810A-99D1EA85C85B}"
EndProject
Project("{2150E333-8FDC-42A3-9474-1A3956D46DE8}") = "Services", "Services", "{6F235CCA-6F42-4229-871D-99C1915C61F2}"
EndProject
Project("{9A19103F-16F7-4668-BE54-9A1E7A4F7556}") = "App.Domain.Core", "App.Domain.Core\App.Domain.Core.csproj", "{1935360B-6C0D-4CA7-AC9E-25EF21CA5D8C}"
EndProject
Project("{9A19103F-16F7-4668-BE54-9A1E7A4F7556}") = "App.Domain.AppServices", "App.Domain.AppServices\App.Domain.AppServices.csproj", "{D19BF23A-E142-4A70-A0C6-3E4DC0E86018}"
EndProject
Project("{9A19103F-16F7-4668-BE54-9A1E7A4F7556}") = "App.Domain.Services", "App.Domain.Services\App.Domain.Services.csproj", "{77E41FF5-511C-402F-8A47-045316D369D7}"
EndProject
Project("{2150E333-8FDC-42A3-9474-1A3956D46DE8}") = "DataAccess", "DataAccess", "{C074A361-0131-4554-8434-3706D5CB9139}"
EndProject
Project("{2150E333-8FDC-42A3-9474-1A3956D46DE8}") = "Db", "Db", "{1F5F33B8-164D-4C21-B7DC-329C8F5D21CD}"
EndProject
Project("{2150E333-8FDC-42A3-9474-1A3956D46DE8}") = "Providers", "Providers", "{C0FAB853-C005-413A-BECF-4CF5248CC200}"
EndProject
Project("{9A19103F-16F7-4668-BE54-9A1E7A4F7556}") = "App.Infra.Data.Repos.Dapper", "App.Infra.Data.Repos.Dapper\App.Infra.Data.Repos.Dapper.csproj", "{5D027D99-FCE4-42D0-AF5A-9FD106778F96}"
EndProject
Project("{9A19103F-16F7-4668-BE54-9A1E7A4F7556}") = "App.Infra.Data.Repos.Ef", "App.Infra.Data.Repos.Ef\App.Infra.Data.Repos.Ef.csproj", "{03502317-7C1D-45F4-AC58-432E3044083E}"
EndProject
Project("{9A19103F-16F7-4668-BE54-9A1E7A4F7556}") = "App.Infra.Data.Db.SqlServer.Ef", "App.Infra.Data.Db.SqlServer.Ef\App.Infra.Data.Db.SqlServer.Ef.csproj", "{BEB26213-2808-4ECE-9E82-48E05FBE1691}"
EndProject
Project("{9A19103F-16F7-4668-BE54-9A1E7A4F7556}") = "App.EndPoints.MVC", "App.EndPoints.MVC\App.EndPoints.MVC.csproj", "{7360ED96-E291-4F63-A777-2BBCB8D34EB3}"
EndProject
Project("{FAE04EC0-301F-11D3-BF4B-00C04F79EFBC}") = "App.EndPoints.API", "App.EndPoints.API\App.EndPoints.API.csproj", "{3BEE83C3-C582-4867-AA01-7C6B3B986E4F}"
EndProject
Global
	GlobalSection(SolutionConfigurationPlatforms) = preSolution
		Debug|Any CPU = Debug|Any CPU
		Release|Any CPU = Release|Any CPU
	EndGlobalSection
	GlobalSection(ProjectConfigurationPlatforms) = postSolution
		{1935360B-6C0D-4CA7-AC9E-25EF21CA5D8C}.Debug|Any CPU.ActiveCfg = Debug|Any CPU
		{1935360B-6C0D-4CA7-AC9E-25EF21CA5D8C}.Debug|Any CPU.Build.0 = Debug|Any CPU
		{1935360B-6C0D-4CA7-AC9E-25EF21CA5D8C}.Release|Any CPU.ActiveCfg = Release|Any CPU
		{1935360B-6C0D-4CA7-AC9E-25EF21CA5D8C}.Release|Any CPU.Build.0 = Release|Any CPU
		{D19BF23A-E142-4A70-A0C6-3E4DC0E86018}.Debug|Any CPU.ActiveCfg = Debug|Any CPU
		{D19BF23A-E142-4A70-A0C6-3E4DC0E86018}.Debug|Any CPU.Build.0 = Debug|Any CPU
		{D19BF23A-E142-4A70-A0C6-3E4DC0E86018}.Release|Any CPU.ActiveCfg = Release|Any CPU
		{D19BF23A-E142-4A70-A0C6-3E4DC0E86018}.Release|Any CPU.Build.0 = Release|Any CPU
		{77E41FF5-511C-402F-8A47-045316D369D7}.Debug|Any CPU.ActiveCfg = Debug|Any CPU
		{77E41FF5-511C-402F-8A47-045316D369D7}.Debug|Any CPU.Build.0 = Debug|Any CPU
		{77E41FF5-511C-402F-8A47-045316D369D7}.Release|Any CPU.ActiveCfg = Release|Any CPU
		{77E41FF5-511C-402F-8A47-045316D369D7}.Release|Any CPU.Build.0 = Release|Any CPU
		{5D027D99-FCE4-42D0-AF5A-9FD106778F96}.Debug|Any CPU.ActiveCfg = Debug|Any CPU
		{5D027D99-FCE4-42D0-AF5A-9FD106778F96}.Debug|Any CPU.Build.0 = Debug|Any CPU
		{5D027D99-FCE4-42D0-AF5A-9FD106778F96}.Release|Any CPU.ActiveCfg = Release|Any CPU
		{5D027D99-FCE4-42D0-AF5A-9FD106778F96}.Release|Any CPU.Build.0 = Release|Any CPU
		{03502317-7C1D-45F4-AC58-432E3044083E}.Debug|Any CPU.ActiveCfg = Debug|Any CPU
		{03502317-7C1D-45F4-AC58-432E3044083E}.Debug|Any CPU.Build.0 = Debug|Any CPU
		{03502317-7C1D-45F4-AC58-432E3044083E}.Release|Any CPU.ActiveCfg = Release|Any CPU
		{03502317-7C1D-45F4-AC58-432E3044083E}.Release|Any CPU.Build.0 = Release|Any CPU
		{BEB26213-2808-4ECE-9E82-48E05FBE1691}.Debug|Any CPU.ActiveCfg = Debug|Any CPU
		{BEB26213-2808-4ECE-9E82-48E05FBE1691}.Debug|Any CPU.Build.0 = Debug|Any CPU
		{BEB26213-2808-4ECE-9E82-48E05FBE1691}.Release|Any CPU.ActiveCfg = Release|Any CPU
		{BEB26213-2808-4ECE-9E82-48E05FBE1691}.Release|Any CPU.Build.0 = Release|Any CPU
		{7360ED96-E291-4F63-A777-2BBCB8D34EB3}.Debug|Any CPU.ActiveCfg = Debug|Any CPU
		{7360ED96-E291-4F63-A777-2BBCB8D34EB3}.Debug|Any CPU.Build.0 = Debug|Any CPU
		{7360ED96-E291-4F63-A777-2BBCB8D34EB3}.Release|Any CPU.ActiveCfg = Release|Any CPU
		{7360ED96-E291-4F63-A777-2BBCB8D34EB3}.Release|Any CPU.Build.0 = Release|Any CPU
		{3BEE83C3-C582-4867-AA01-7C6B3B986E4F}.Debug|Any CPU.ActiveCfg = Debug|Any CPU
		{3BEE83C3-C582-4867-AA01-7C6B3B986E4F}.Debug|Any CPU.Build.0 = Debug|Any CPU
		{3BEE83C3-C582-4867-AA01-7C6B3B986E4F}.Release|Any CPU.ActiveCfg = Release|Any CPU
		{3BEE83C3-C582-4867-AA01-7C6B3B986E4F}.Release|Any CPU.Build.0 = Release|Any CPU
	EndGlobalSection
	GlobalSection(SolutionProperties) = preSolution
		HideSolutionNode = FALSE
	EndGlobalSection
	GlobalSection(NestedProjects) = preSolution
		{F49AE32F-6274-4AA9-9793-B97FBE2CF91B} = {CADB18A3-F330-4A08-81FC-5B128A7F6143}
		{0E1A21D7-E62D-4767-A078-4A9E829BCC41} = {CADB18A3-F330-4A08-81FC-5B128A7F6143}
		{3B4AEB2C-ACB8-40AA-85AB-6E0FEB5E6311} = {CADB18A3-F330-4A08-81FC-5B128A7F6143}
		{C8D0ADBB-ED4E-45A7-810A-99D1EA85C85B} = {F49AE32F-6274-4AA9-9793-B97FBE2CF91B}
		{6F235CCA-6F42-4229-871D-99C1915C61F2} = {F49AE32F-6274-4AA9-9793-B97FBE2CF91B}
		{1935360B-6C0D-4CA7-AC9E-25EF21CA5D8C} = {C8D0ADBB-ED4E-45A7-810A-99D1EA85C85B}
		{D19BF23A-E142-4A70-A0C6-3E4DC0E86018} = {6F235CCA-6F42-4229-871D-99C1915C61F2}
		{77E41FF5-511C-402F-8A47-045316D369D7} = {6F235CCA-6F42-4229-871D-99C1915C61F2}
		{C074A361-0131-4554-8434-3706D5CB9139} = {0E1A21D7-E62D-4767-A078-4A9E829BCC41}
		{1F5F33B8-164D-4C21-B7DC-329C8F5D21CD} = {0E1A21D7-E62D-4767-A078-4A9E829BCC41}
		{C0FAB853-C005-413A-BECF-4CF5248CC200} = {0E1A21D7-E62D-4767-A078-4A9E829BCC41}
		{5D027D99-FCE4-42D0-AF5A-9FD106778F96} = {C074A361-0131-4554-8434-3706D5CB9139}
		{03502317-7C1D-45F4-AC58-432E3044083E} = {C074A361-0131-4554-8434-3706D5CB9139}
		{BEB26213-2808-4ECE-9E82-48E05FBE1691} = {1F5F33B8-164D-4C21-B7DC-329C8F5D21CD}
		{7360ED96-E291-4F63-A777-2BBCB8D34EB3} = {3B4AEB2C-ACB8-40AA-85AB-6E0FEB5E6311}
		{3BEE83C3-C582-4867-AA01-7C6B3B986E4F} = {3B4AEB2C-ACB8-40AA-85AB-6E0FEB5E6311}
	EndGlobalSection
	GlobalSection(ExtensibilityGlobals) = postSolution
		SolutionGuid = {44C58601-BB25-49DB-9106-A8CD4BF139DF}
	EndGlobalSection
EndGlobal
